// !$*UTF8*$!
{
	archiveVersion = 1;
	classes = {
	};
	objectVersion = 46;
	objects = {

/* Begin PBXAggregateTarget section */
		"Lox::LoxPackageTests::ProductTarget" /* LoxPackageTests */ = {
			isa = PBXAggregateTarget;
			buildConfigurationList = OBJ_99 /* Build configuration list for PBXAggregateTarget "LoxPackageTests" */;
			buildPhases = (
			);
			dependencies = (
				OBJ_102 /* PBXTargetDependency */,
			);
			name = LoxPackageTests;
			productName = LoxPackageTests;
		};
/* End PBXAggregateTarget section */

/* Begin PBXBuildFile section */
		907D6FC62257E3A3001199D4 /* ScopeInfo.swift in Sources */ = {isa = PBXBuildFile; fileRef = 907D6FC42257E381001199D4 /* ScopeInfo.swift */; };
		907D6FC82258AC08001199D4 /* Header.swift in Sources */ = {isa = PBXBuildFile; fileRef = 907D6FC72258AC08001199D4 /* Header.swift */; };
		907D6FCA2258AC76001199D4 /* Content.swift in Sources */ = {isa = PBXBuildFile; fileRef = 907D6FC92258AC76001199D4 /* Content.swift */; };
		907D6FCE2258B50E001199D4 /* Interpreter+Decl.swift in Sources */ = {isa = PBXBuildFile; fileRef = 907D6FCC2258B501001199D4 /* Interpreter+Decl.swift */; };
		907D6FD12258B6D2001199D4 /* Class.swift in Sources */ = {isa = PBXBuildFile; fileRef = 907D6FCF2258B64F001199D4 /* Class.swift */; };
		907D6FD42258B70E001199D4 /* Function.swift in Sources */ = {isa = PBXBuildFile; fileRef = 907D6FD22258B70B001199D4 /* Function.swift */; };
		907D6FD72258C49A001199D4 /* Resolver+Decl.swift in Sources */ = {isa = PBXBuildFile; fileRef = 907D6FD52258C495001199D4 /* Resolver+Decl.swift */; };
		907D6FD92258C530001199D4 /* Resolver+Expr.swift in Sources */ = {isa = PBXBuildFile; fileRef = 907D6FD82258C530001199D4 /* Resolver+Expr.swift */; };
		907D6FDB2258C555001199D4 /* Resolver+Stmt.swift in Sources */ = {isa = PBXBuildFile; fileRef = 907D6FDA2258C555001199D4 /* Resolver+Stmt.swift */; };
		907D6FDD2258C582001199D4 /* ResolverError.swift in Sources */ = {isa = PBXBuildFile; fileRef = 907D6FDC2258C582001199D4 /* ResolverError.swift */; };
		907D6FDF2258D0BD001199D4 /* Instance.swift in Sources */ = {isa = PBXBuildFile; fileRef = 907D6FDE2258D0BD001199D4 /* Instance.swift */; };
		OBJ_108 /* LoxTests.swift in Sources */ = {isa = PBXBuildFile; fileRef = OBJ_43 /* LoxTests.swift */; };
		OBJ_109 /* XCTestManifests.swift in Sources */ = {isa = PBXBuildFile; fileRef = OBJ_44 /* XCTestManifests.swift */; };
		OBJ_57 /* main.swift in Sources */ = {isa = PBXBuildFile; fileRef = OBJ_9 /* main.swift */; };
		OBJ_64 /* Dictionary+Contains.swift in Sources */ = {isa = PBXBuildFile; fileRef = OBJ_12 /* Dictionary+Contains.swift */; };
		OBJ_65 /* Callable.swift in Sources */ = {isa = PBXBuildFile; fileRef = OBJ_14 /* Callable.swift */; };
		OBJ_66 /* Environment.swift in Sources */ = {isa = PBXBuildFile; fileRef = OBJ_15 /* Environment.swift */; };
		OBJ_67 /* Interpreter+Expr.swift in Sources */ = {isa = PBXBuildFile; fileRef = OBJ_16 /* Interpreter+Expr.swift */; };
		OBJ_68 /* Interpreter+Stmt.swift in Sources */ = {isa = PBXBuildFile; fileRef = OBJ_17 /* Interpreter+Stmt.swift */; };
		OBJ_69 /* Interpreter.swift in Sources */ = {isa = PBXBuildFile; fileRef = OBJ_18 /* Interpreter.swift */; };
		OBJ_70 /* Resolver.swift in Sources */ = {isa = PBXBuildFile; fileRef = OBJ_19 /* Resolver.swift */; };
		OBJ_71 /* RuntimeError.swift in Sources */ = {isa = PBXBuildFile; fileRef = OBJ_20 /* RuntimeError.swift */; };
		OBJ_72 /* Lox.swift in Sources */ = {isa = PBXBuildFile; fileRef = OBJ_21 /* Lox.swift */; };
		OBJ_73 /* AstPrinter.swift in Sources */ = {isa = PBXBuildFile; fileRef = OBJ_23 /* AstPrinter.swift */; };
		OBJ_74 /* Expr.swift in Sources */ = {isa = PBXBuildFile; fileRef = OBJ_24 /* Expr.swift */; };
		OBJ_75 /* Operator.swift in Sources */ = {isa = PBXBuildFile; fileRef = OBJ_25 /* Operator.swift */; };
		OBJ_76 /* Parser+Decl.swift in Sources */ = {isa = PBXBuildFile; fileRef = OBJ_26 /* Parser+Decl.swift */; };
		OBJ_77 /* Parser+Expr.swift in Sources */ = {isa = PBXBuildFile; fileRef = OBJ_27 /* Parser+Expr.swift */; };
		OBJ_78 /* Parser+Stmt.swift in Sources */ = {isa = PBXBuildFile; fileRef = OBJ_28 /* Parser+Stmt.swift */; };
		OBJ_79 /* Parser.swift in Sources */ = {isa = PBXBuildFile; fileRef = OBJ_29 /* Parser.swift */; };
		OBJ_80 /* ParserError.swift in Sources */ = {isa = PBXBuildFile; fileRef = OBJ_30 /* ParserError.swift */; };
		OBJ_81 /* Stmt.swift in Sources */ = {isa = PBXBuildFile; fileRef = OBJ_31 /* Stmt.swift */; };
		OBJ_82 /* Scanner.swift in Sources */ = {isa = PBXBuildFile; fileRef = OBJ_33 /* Scanner.swift */; };
		OBJ_83 /* ScannerError.swift in Sources */ = {isa = PBXBuildFile; fileRef = OBJ_34 /* ScannerError.swift */; };
		OBJ_84 /* ScannerResult.swift in Sources */ = {isa = PBXBuildFile; fileRef = OBJ_35 /* ScannerResult.swift */; };
		OBJ_85 /* SourceLocation.swift in Sources */ = {isa = PBXBuildFile; fileRef = OBJ_36 /* SourceLocation.swift */; };
		OBJ_86 /* SourceRange.swift in Sources */ = {isa = PBXBuildFile; fileRef = OBJ_37 /* SourceRange.swift */; };
		OBJ_87 /* Token.swift in Sources */ = {isa = PBXBuildFile; fileRef = OBJ_38 /* Token.swift */; };
		OBJ_88 /* TokenType.swift in Sources */ = {isa = PBXBuildFile; fileRef = OBJ_39 /* TokenType.swift */; };
		OBJ_89 /* debug.swift in Sources */ = {isa = PBXBuildFile; fileRef = OBJ_40 /* debug.swift */; };
		OBJ_90 /* main.swift in Sources */ = {isa = PBXBuildFile; fileRef = OBJ_41 /* main.swift */; };
		OBJ_97 /* Package.swift in Sources */ = {isa = PBXBuildFile; fileRef = OBJ_6 /* Package.swift */; };
/* End PBXBuildFile section */

/* Begin PBXContainerItemProxy section */
		907D6FBF2257D696001199D4 /* PBXContainerItemProxy */ = {
			isa = PBXContainerItemProxy;
			containerPortal = OBJ_1 /* Project object */;
			proxyType = 1;
			remoteGlobalIDString = "Lox::Lox";
			remoteInfo = Lox;
		};
		907D6FC02257D699001199D4 /* PBXContainerItemProxy */ = {
			isa = PBXContainerItemProxy;
			containerPortal = OBJ_1 /* Project object */;
			proxyType = 1;
			remoteGlobalIDString = "Lox::LoxTests";
			remoteInfo = LoxTests;
		};
/* End PBXContainerItemProxy section */

/* Begin PBXFileReference section */
		907D6FC22257DB96001199D4 /* main.lox */ = {isa = PBXFileReference; lastKnownFileType = text; path = main.lox; sourceTree = "<group>"; };
		907D6FC42257E381001199D4 /* ScopeInfo.swift */ = {isa = PBXFileReference; lastKnownFileType = sourcecode.swift; path = ScopeInfo.swift; sourceTree = "<group>"; };
		907D6FC72258AC08001199D4 /* Header.swift */ = {isa = PBXFileReference; lastKnownFileType = sourcecode.swift; path = Header.swift; sourceTree = "<group>"; };
		907D6FC92258AC76001199D4 /* Content.swift */ = {isa = PBXFileReference; lastKnownFileType = sourcecode.swift; path = Content.swift; sourceTree = "<group>"; };
		907D6FCC2258B501001199D4 /* Interpreter+Decl.swift */ = {isa = PBXFileReference; lastKnownFileType = sourcecode.swift; path = "Interpreter+Decl.swift"; sourceTree = "<group>"; };
		907D6FCF2258B64F001199D4 /* Class.swift */ = {isa = PBXFileReference; lastKnownFileType = sourcecode.swift; path = Class.swift; sourceTree = "<group>"; };
		907D6FD22258B70B001199D4 /* Function.swift */ = {isa = PBXFileReference; lastKnownFileType = sourcecode.swift; path = Function.swift; sourceTree = "<group>"; };
		907D6FD52258C495001199D4 /* Resolver+Decl.swift */ = {isa = PBXFileReference; lastKnownFileType = sourcecode.swift; path = "Resolver+Decl.swift"; sourceTree = "<group>"; };
		907D6FD82258C530001199D4 /* Resolver+Expr.swift */ = {isa = PBXFileReference; lastKnownFileType = sourcecode.swift; path = "Resolver+Expr.swift"; sourceTree = "<group>"; };
		907D6FDA2258C555001199D4 /* Resolver+Stmt.swift */ = {isa = PBXFileReference; lastKnownFileType = sourcecode.swift; path = "Resolver+Stmt.swift"; sourceTree = "<group>"; };
		907D6FDC2258C582001199D4 /* ResolverError.swift */ = {isa = PBXFileReference; lastKnownFileType = sourcecode.swift; path = ResolverError.swift; sourceTree = "<group>"; };
		907D6FDE2258D0BD001199D4 /* Instance.swift */ = {isa = PBXFileReference; lastKnownFileType = sourcecode.swift; path = Instance.swift; sourceTree = "<group>"; };
		"Lox::Code generator::Product" /* Code generator */ = {isa = PBXFileReference; lastKnownFileType = text; path = "Code generator"; sourceTree = BUILT_PRODUCTS_DIR; };
		"Lox::Lox::Product" /* Lox */ = {isa = PBXFileReference; lastKnownFileType = text; path = Lox; sourceTree = BUILT_PRODUCTS_DIR; };
		"Lox::LoxTests::Product" /* LoxTests.xctest */ = {isa = PBXFileReference; lastKnownFileType = file; path = LoxTests.xctest; sourceTree = BUILT_PRODUCTS_DIR; };
		OBJ_12 /* Dictionary+Contains.swift */ = {isa = PBXFileReference; lastKnownFileType = sourcecode.swift; path = "Dictionary+Contains.swift"; sourceTree = "<group>"; };
		OBJ_14 /* Callable.swift */ = {isa = PBXFileReference; lastKnownFileType = sourcecode.swift; path = Callable.swift; sourceTree = "<group>"; };
		OBJ_15 /* Environment.swift */ = {isa = PBXFileReference; lastKnownFileType = sourcecode.swift; path = Environment.swift; sourceTree = "<group>"; };
		OBJ_16 /* Interpreter+Expr.swift */ = {isa = PBXFileReference; lastKnownFileType = sourcecode.swift; path = "Interpreter+Expr.swift"; sourceTree = "<group>"; };
		OBJ_17 /* Interpreter+Stmt.swift */ = {isa = PBXFileReference; lastKnownFileType = sourcecode.swift; path = "Interpreter+Stmt.swift"; sourceTree = "<group>"; };
		OBJ_18 /* Interpreter.swift */ = {isa = PBXFileReference; lastKnownFileType = sourcecode.swift; path = Interpreter.swift; sourceTree = "<group>"; };
		OBJ_19 /* Resolver.swift */ = {isa = PBXFileReference; lastKnownFileType = sourcecode.swift; path = Resolver.swift; sourceTree = "<group>"; };
		OBJ_20 /* RuntimeError.swift */ = {isa = PBXFileReference; lastKnownFileType = sourcecode.swift; path = RuntimeError.swift; sourceTree = "<group>"; };
		OBJ_21 /* Lox.swift */ = {isa = PBXFileReference; lastKnownFileType = sourcecode.swift; path = Lox.swift; sourceTree = "<group>"; };
		OBJ_23 /* AstPrinter.swift */ = {isa = PBXFileReference; lastKnownFileType = sourcecode.swift; path = AstPrinter.swift; sourceTree = "<group>"; };
		OBJ_24 /* Expr.swift */ = {isa = PBXFileReference; lastKnownFileType = sourcecode.swift; path = Expr.swift; sourceTree = "<group>"; };
		OBJ_25 /* Operator.swift */ = {isa = PBXFileReference; lastKnownFileType = sourcecode.swift; path = Operator.swift; sourceTree = "<group>"; };
		OBJ_26 /* Parser+Decl.swift */ = {isa = PBXFileReference; lastKnownFileType = sourcecode.swift; path = "Parser+Decl.swift"; sourceTree = "<group>"; };
		OBJ_27 /* Parser+Expr.swift */ = {isa = PBXFileReference; lastKnownFileType = sourcecode.swift; path = "Parser+Expr.swift"; sourceTree = "<group>"; };
		OBJ_28 /* Parser+Stmt.swift */ = {isa = PBXFileReference; lastKnownFileType = sourcecode.swift; path = "Parser+Stmt.swift"; sourceTree = "<group>"; };
		OBJ_29 /* Parser.swift */ = {isa = PBXFileReference; lastKnownFileType = sourcecode.swift; path = Parser.swift; sourceTree = "<group>"; };
		OBJ_30 /* ParserError.swift */ = {isa = PBXFileReference; lastKnownFileType = sourcecode.swift; path = ParserError.swift; sourceTree = "<group>"; };
		OBJ_31 /* Stmt.swift */ = {isa = PBXFileReference; lastKnownFileType = sourcecode.swift; path = Stmt.swift; sourceTree = "<group>"; };
		OBJ_33 /* Scanner.swift */ = {isa = PBXFileReference; lastKnownFileType = sourcecode.swift; path = Scanner.swift; sourceTree = "<group>"; };
		OBJ_34 /* ScannerError.swift */ = {isa = PBXFileReference; lastKnownFileType = sourcecode.swift; path = ScannerError.swift; sourceTree = "<group>"; };
		OBJ_35 /* ScannerResult.swift */ = {isa = PBXFileReference; lastKnownFileType = sourcecode.swift; path = ScannerResult.swift; sourceTree = "<group>"; };
		OBJ_36 /* SourceLocation.swift */ = {isa = PBXFileReference; lastKnownFileType = sourcecode.swift; path = SourceLocation.swift; sourceTree = "<group>"; };
		OBJ_37 /* SourceRange.swift */ = {isa = PBXFileReference; lastKnownFileType = sourcecode.swift; path = SourceRange.swift; sourceTree = "<group>"; };
		OBJ_38 /* Token.swift */ = {isa = PBXFileReference; lastKnownFileType = sourcecode.swift; path = Token.swift; sourceTree = "<group>"; };
		OBJ_39 /* TokenType.swift */ = {isa = PBXFileReference; lastKnownFileType = sourcecode.swift; path = TokenType.swift; sourceTree = "<group>"; };
		OBJ_40 /* debug.swift */ = {isa = PBXFileReference; lastKnownFileType = sourcecode.swift; path = debug.swift; sourceTree = "<group>"; };
		OBJ_41 /* main.swift */ = {isa = PBXFileReference; lastKnownFileType = sourcecode.swift; path = main.swift; sourceTree = "<group>"; };
		OBJ_43 /* LoxTests.swift */ = {isa = PBXFileReference; lastKnownFileType = sourcecode.swift; path = LoxTests.swift; sourceTree = "<group>"; };
		OBJ_44 /* XCTestManifests.swift */ = {isa = PBXFileReference; lastKnownFileType = sourcecode.swift; path = XCTestManifests.swift; sourceTree = "<group>"; };
		OBJ_49 /* Build */ = {isa = PBXFileReference; lastKnownFileType = folder; path = Build; sourceTree = SOURCE_ROOT; };
		OBJ_50 /* main.lox */ = {isa = PBXFileReference; lastKnownFileType = text; path = main.lox; sourceTree = "<group>"; };
		OBJ_51 /* README.md */ = {isa = PBXFileReference; lastKnownFileType = net.daringfireball.markdown; path = README.md; sourceTree = "<group>"; };
		OBJ_6 /* Package.swift */ = {isa = PBXFileReference; explicitFileType = sourcecode.swift; path = Package.swift; sourceTree = "<group>"; };
		OBJ_9 /* main.swift */ = {isa = PBXFileReference; lastKnownFileType = sourcecode.swift; path = main.swift; sourceTree = "<group>"; };
/* End PBXFileReference section */

/* Begin PBXFrameworksBuildPhase section */
		OBJ_110 /* Frameworks */ = {
			isa = PBXFrameworksBuildPhase;
			buildActionMask = 0;
			files = (
			);
			runOnlyForDeploymentPostprocessing = 0;
		};
		OBJ_58 /* Frameworks */ = {
			isa = PBXFrameworksBuildPhase;
			buildActionMask = 0;
			files = (
			);
			runOnlyForDeploymentPostprocessing = 0;
		};
		OBJ_91 /* Frameworks */ = {
			isa = PBXFrameworksBuildPhase;
			buildActionMask = 0;
			files = (
			);
			runOnlyForDeploymentPostprocessing = 0;
		};
/* End PBXFrameworksBuildPhase section */

/* Begin PBXGroup section */
		907D6FC32257E360001199D4 /* Resolver */ = {
			isa = PBXGroup;
			children = (
				907D6FC42257E381001199D4 /* ScopeInfo.swift */,
				OBJ_19 /* Resolver.swift */,
				907D6FD52258C495001199D4 /* Resolver+Decl.swift */,
				907D6FDA2258C555001199D4 /* Resolver+Stmt.swift */,
				907D6FD82258C530001199D4 /* Resolver+Expr.swift */,
				907D6FDC2258C582001199D4 /* ResolverError.swift */,
			);
			path = Resolver;
			sourceTree = "<group>";
		};
		OBJ_10 /* Lox */ = {
			isa = PBXGroup;
			children = (
				OBJ_32 /* Scanner */,
				OBJ_22 /* Parser */,
				OBJ_13 /* Interpreter */,
				907D6FC32257E360001199D4 /* Resolver */,
				OBJ_11 /* Extensions */,
				OBJ_21 /* Lox.swift */,
				OBJ_40 /* debug.swift */,
				OBJ_41 /* main.swift */,
			);
			name = Lox;
			path = Sources/Lox;
			sourceTree = SOURCE_ROOT;
		};
		OBJ_11 /* Extensions */ = {
			isa = PBXGroup;
			children = (
				OBJ_12 /* Dictionary+Contains.swift */,
			);
			path = Extensions;
			sourceTree = "<group>";
		};
		OBJ_13 /* Interpreter */ = {
			isa = PBXGroup;
			children = (
				907D6FCF2258B64F001199D4 /* Class.swift */,
				907D6FDE2258D0BD001199D4 /* Instance.swift */,
				OBJ_14 /* Callable.swift */,
				907D6FD22258B70B001199D4 /* Function.swift */,
				OBJ_15 /* Environment.swift */,
				OBJ_18 /* Interpreter.swift */,
				907D6FCC2258B501001199D4 /* Interpreter+Decl.swift */,
				OBJ_17 /* Interpreter+Stmt.swift */,
				OBJ_16 /* Interpreter+Expr.swift */,
				OBJ_20 /* RuntimeError.swift */,
			);
			path = Interpreter;
			sourceTree = "<group>";
		};
		OBJ_22 /* Parser */ = {
			isa = PBXGroup;
			children = (
				OBJ_24 /* Expr.swift */,
				OBJ_31 /* Stmt.swift */,
				OBJ_25 /* Operator.swift */,
				OBJ_29 /* Parser.swift */,
				OBJ_26 /* Parser+Decl.swift */,
				OBJ_28 /* Parser+Stmt.swift */,
				OBJ_27 /* Parser+Expr.swift */,
				OBJ_30 /* ParserError.swift */,
				OBJ_23 /* AstPrinter.swift */,
			);
			path = Parser;
			sourceTree = "<group>";
		};
		OBJ_32 /* Scanner */ = {
			isa = PBXGroup;
			children = (
				OBJ_38 /* Token.swift */,
				OBJ_39 /* TokenType.swift */,
				OBJ_33 /* Scanner.swift */,
				OBJ_34 /* ScannerError.swift */,
				OBJ_35 /* ScannerResult.swift */,
				OBJ_36 /* SourceLocation.swift */,
				OBJ_37 /* SourceRange.swift */,
			);
			path = Scanner;
			sourceTree = "<group>";
		};
		OBJ_42 /* Tests */ = {
			isa = PBXGroup;
			children = (
				OBJ_43 /* LoxTests.swift */,
				OBJ_44 /* XCTestManifests.swift */,
			);
			path = Tests;
			sourceTree = SOURCE_ROOT;
		};
		OBJ_45 /* Products */ = {
			isa = PBXGroup;
			children = (
				"Lox::Code generator::Product" /* Code generator */,
				"Lox::LoxTests::Product" /* LoxTests.xctest */,
				"Lox::Lox::Product" /* Lox */,
			);
			name = Products;
			sourceTree = BUILT_PRODUCTS_DIR;
		};
		OBJ_5 = {
			isa = PBXGroup;
			children = (
				907D6FC22257DB96001199D4 /* main.lox */,
				OBJ_6 /* Package.swift */,
				OBJ_7 /* Sources */,
				OBJ_42 /* Tests */,
				OBJ_45 /* Products */,
				OBJ_49 /* Build */,
				OBJ_50 /* main.lox */,
				OBJ_51 /* README.md */,
			);
			sourceTree = "<group>";
		};
		OBJ_7 /* Sources */ = {
			isa = PBXGroup;
			children = (
				OBJ_8 /* Code generator */,
				OBJ_10 /* Lox */,
			);
			name = Sources;
			sourceTree = SOURCE_ROOT;
		};
		OBJ_8 /* Code generator */ = {
			isa = PBXGroup;
			children = (
				907D6FC72258AC08001199D4 /* Header.swift */,
				907D6FC92258AC76001199D4 /* Content.swift */,
				OBJ_9 /* main.swift */,
			);
			name = "Code generator";
			path = "Sources/Code generator";
			sourceTree = SOURCE_ROOT;
		};
/* End PBXGroup section */

/* Begin PBXNativeTarget section */
		"Lox::Code generator" /* Code generator */ = {
			isa = PBXNativeTarget;
			buildConfigurationList = OBJ_53 /* Build configuration list for PBXNativeTarget "Code generator" */;
			buildPhases = (
				OBJ_56 /* Sources */,
				OBJ_58 /* Frameworks */,
				907D6FCB2258AD67001199D4 /* SwiftLint */,
			);
			buildRules = (
			);
			dependencies = (
			);
			name = "Code generator";
			productName = Code_generator;
			productReference = "Lox::Code generator::Product" /* Code generator */;
			productType = "com.apple.product-type.tool";
		};
		"Lox::Lox" /* Lox */ = {
			isa = PBXNativeTarget;
			buildConfigurationList = OBJ_60 /* Build configuration list for PBXNativeTarget "Lox" */;
			buildPhases = (
				OBJ_63 /* Sources */,
				OBJ_91 /* Frameworks */,
				907D6FC12257D6D4001199D4 /* SwiftLint */,
			);
			buildRules = (
			);
			dependencies = (
			);
			name = Lox;
			productName = Lox;
			productReference = "Lox::Lox::Product" /* Lox */;
			productType = "com.apple.product-type.tool";
		};
		"Lox::LoxTests" /* LoxTests */ = {
			isa = PBXNativeTarget;
			buildConfigurationList = OBJ_104 /* Build configuration list for PBXNativeTarget "LoxTests" */;
			buildPhases = (
				OBJ_107 /* Sources */,
				OBJ_110 /* Frameworks */,
			);
			buildRules = (
			);
			dependencies = (
				OBJ_111 /* PBXTargetDependency */,
			);
			name = LoxTests;
			productName = LoxTests;
			productReference = "Lox::LoxTests::Product" /* LoxTests.xctest */;
			productType = "com.apple.product-type.bundle.unit-test";
		};
		"Lox::SwiftPMPackageDescription" /* LoxPackageDescription */ = {
			isa = PBXNativeTarget;
			buildConfigurationList = OBJ_93 /* Build configuration list for PBXNativeTarget "LoxPackageDescription" */;
			buildPhases = (
				OBJ_96 /* Sources */,
			);
			buildRules = (
			);
			dependencies = (
			);
			name = LoxPackageDescription;
			productName = LoxPackageDescription;
			productType = "com.apple.product-type.framework";
		};
/* End PBXNativeTarget section */

/* Begin PBXProject section */
		OBJ_1 /* Project object */ = {
			isa = PBXProject;
			attributes = {
				LastSwiftMigration = 9999;
				LastUpgradeCheck = 9999;
			};
			buildConfigurationList = OBJ_2 /* Build configuration list for PBXProject "Lox" */;
			compatibilityVersion = "Xcode 3.2";
			developmentRegion = English;
			hasScannedForEncodings = 0;
			knownRegions = (
				English,
				en,
			);
			mainGroup = OBJ_5;
			productRefGroup = OBJ_45 /* Products */;
			projectDirPath = "";
			projectRoot = "";
			targets = (
				"Lox::Code generator" /* Code generator */,
				"Lox::Lox" /* Lox */,
				"Lox::SwiftPMPackageDescription" /* LoxPackageDescription */,
				"Lox::LoxPackageTests::ProductTarget" /* LoxPackageTests */,
				"Lox::LoxTests" /* LoxTests */,
			);
		};
/* End PBXProject section */

/* Begin PBXShellScriptBuildPhase section */
		907D6FC12257D6D4001199D4 /* SwiftLint */ = {
			isa = PBXShellScriptBuildPhase;
			buildActionMask = 2147483647;
			files = (
			);
			inputFileListPaths = (
			);
			inputPaths = (
			);
			name = SwiftLint;
			outputFileListPaths = (
			);
			outputPaths = (
			);
			runOnlyForDeploymentPostprocessing = 0;
			shellPath = /bin/sh;
			shellScript = "if which swiftlint >/dev/null; then\nswiftlint\nelse\necho \"warning: SwiftLint not installed, download from https://github.com/realm/SwiftLint\"\nfi\n";
		};
		907D6FCB2258AD67001199D4 /* SwiftLint */ = {
			isa = PBXShellScriptBuildPhase;
			buildActionMask = 2147483647;
			files = (
			);
			inputFileListPaths = (
			);
			inputPaths = (
			);
			name = SwiftLint;
			outputFileListPaths = (
			);
			outputPaths = (
			);
			runOnlyForDeploymentPostprocessing = 0;
			shellPath = /bin/sh;
			shellScript = "if which swiftlint >/dev/null; then\nswiftlint\nelse\necho \"warning: SwiftLint not installed, download from https://github.com/realm/SwiftLint\"\nfi\n";
		};
/* End PBXShellScriptBuildPhase section */

/* Begin PBXSourcesBuildPhase section */
		OBJ_107 /* Sources */ = {
			isa = PBXSourcesBuildPhase;
			buildActionMask = 0;
			files = (
				OBJ_108 /* LoxTests.swift in Sources */,
				OBJ_109 /* XCTestManifests.swift in Sources */,
			);
			runOnlyForDeploymentPostprocessing = 0;
		};
		OBJ_56 /* Sources */ = {
			isa = PBXSourcesBuildPhase;
			buildActionMask = 0;
			files = (
				907D6FCA2258AC76001199D4 /* Content.swift in Sources */,
				OBJ_57 /* main.swift in Sources */,
				907D6FC82258AC08001199D4 /* Header.swift in Sources */,
			);
			runOnlyForDeploymentPostprocessing = 0;
		};
		OBJ_63 /* Sources */ = {
			isa = PBXSourcesBuildPhase;
			buildActionMask = 0;
			files = (
				OBJ_64 /* Dictionary+Contains.swift in Sources */,
				907D6FCE2258B50E001199D4 /* Interpreter+Decl.swift in Sources */,
				OBJ_65 /* Callable.swift in Sources */,
				907D6FD72258C49A001199D4 /* Resolver+Decl.swift in Sources */,
				OBJ_66 /* Environment.swift in Sources */,
				OBJ_67 /* Interpreter+Expr.swift in Sources */,
				OBJ_68 /* Interpreter+Stmt.swift in Sources */,
				OBJ_69 /* Interpreter.swift in Sources */,
				OBJ_70 /* Resolver.swift in Sources */,
				907D6FDB2258C555001199D4 /* Resolver+Stmt.swift in Sources */,
				OBJ_71 /* RuntimeError.swift in Sources */,
				907D6FDD2258C582001199D4 /* ResolverError.swift in Sources */,
				OBJ_72 /* Lox.swift in Sources */,
				OBJ_73 /* AstPrinter.swift in Sources */,
				OBJ_74 /* Expr.swift in Sources */,
				OBJ_75 /* Operator.swift in Sources */,
				907D6FD42258B70E001199D4 /* Function.swift in Sources */,
				907D6FC62257E3A3001199D4 /* ScopeInfo.swift in Sources */,
				OBJ_76 /* Parser+Decl.swift in Sources */,
				OBJ_77 /* Parser+Expr.swift in Sources */,
				OBJ_78 /* Parser+Stmt.swift in Sources */,
				OBJ_79 /* Parser.swift in Sources */,
				907D6FDF2258D0BD001199D4 /* Instance.swift in Sources */,
				907D6FD12258B6D2001199D4 /* Class.swift in Sources */,
				907D6FD92258C530001199D4 /* Resolver+Expr.swift in Sources */,
				OBJ_80 /* ParserError.swift in Sources */,
				OBJ_81 /* Stmt.swift in Sources */,
				OBJ_82 /* Scanner.swift in Sources */,
				OBJ_83 /* ScannerError.swift in Sources */,
				OBJ_84 /* ScannerResult.swift in Sources */,
				OBJ_85 /* SourceLocation.swift in Sources */,
				OBJ_86 /* SourceRange.swift in Sources */,
				OBJ_87 /* Token.swift in Sources */,
				OBJ_88 /* TokenType.swift in Sources */,
				OBJ_89 /* debug.swift in Sources */,
				OBJ_90 /* main.swift in Sources */,
			);
			runOnlyForDeploymentPostprocessing = 0;
		};
		OBJ_96 /* Sources */ = {
			isa = PBXSourcesBuildPhase;
			buildActionMask = 0;
			files = (
				OBJ_97 /* Package.swift in Sources */,
			);
			runOnlyForDeploymentPostprocessing = 0;
		};
/* End PBXSourcesBuildPhase section */

/* Begin PBXTargetDependency section */
		OBJ_102 /* PBXTargetDependency */ = {
			isa = PBXTargetDependency;
			target = "Lox::LoxTests" /* LoxTests */;
			targetProxy = 907D6FC02257D699001199D4 /* PBXContainerItemProxy */;
		};
		OBJ_111 /* PBXTargetDependency */ = {
			isa = PBXTargetDependency;
			target = "Lox::Lox" /* Lox */;
			targetProxy = 907D6FBF2257D696001199D4 /* PBXContainerItemProxy */;
		};
/* End PBXTargetDependency section */

/* Begin XCBuildConfiguration section */
		OBJ_100 /* Debug */ = {
			isa = XCBuildConfiguration;
			buildSettings = {
			};
			name = Debug;
		};
		OBJ_101 /* Release */ = {
			isa = XCBuildConfiguration;
			buildSettings = {
			};
			name = Release;
		};
		OBJ_105 /* Debug */ = {
			isa = XCBuildConfiguration;
			buildSettings = {
				CLANG_ENABLE_MODULES = YES;
				EMBEDDED_CONTENT_CONTAINS_SWIFT = YES;
				FRAMEWORK_SEARCH_PATHS = (
					"$(inherited)",
					"$(PLATFORM_DIR)/Developer/Library/Frameworks",
				);
				HEADER_SEARCH_PATHS = "$(inherited)";
				INFOPLIST_FILE = Lox.xcodeproj/LoxTests_Info.plist;
				IPHONEOS_DEPLOYMENT_TARGET = 8.0;
				LD_RUNPATH_SEARCH_PATHS = "$(inherited) @loader_path/../Frameworks @loader_path/Frameworks";
				MACOSX_DEPLOYMENT_TARGET = 10.10;
				OTHER_CFLAGS = "$(inherited)";
				OTHER_LDFLAGS = "$(inherited)";
				OTHER_SWIFT_FLAGS = "$(inherited)";
				SWIFT_ACTIVE_COMPILATION_CONDITIONS = "$(inherited)";
				SWIFT_VERSION = 5.0;
				TARGET_NAME = LoxTests;
				TVOS_DEPLOYMENT_TARGET = 9.0;
				WATCHOS_DEPLOYMENT_TARGET = 2.0;
			};
			name = Debug;
		};
		OBJ_106 /* Release */ = {
			isa = XCBuildConfiguration;
			buildSettings = {
				CLANG_ENABLE_MODULES = YES;
				EMBEDDED_CONTENT_CONTAINS_SWIFT = YES;
				FRAMEWORK_SEARCH_PATHS = (
					"$(inherited)",
					"$(PLATFORM_DIR)/Developer/Library/Frameworks",
				);
				HEADER_SEARCH_PATHS = "$(inherited)";
				INFOPLIST_FILE = Lox.xcodeproj/LoxTests_Info.plist;
				IPHONEOS_DEPLOYMENT_TARGET = 8.0;
				LD_RUNPATH_SEARCH_PATHS = "$(inherited) @loader_path/../Frameworks @loader_path/Frameworks";
				MACOSX_DEPLOYMENT_TARGET = 10.10;
				OTHER_CFLAGS = "$(inherited)";
				OTHER_LDFLAGS = "$(inherited)";
				OTHER_SWIFT_FLAGS = "$(inherited)";
				SWIFT_ACTIVE_COMPILATION_CONDITIONS = "$(inherited)";
				SWIFT_VERSION = 5.0;
				TARGET_NAME = LoxTests;
				TVOS_DEPLOYMENT_TARGET = 9.0;
				WATCHOS_DEPLOYMENT_TARGET = 2.0;
			};
			name = Release;
		};
		OBJ_3 /* Debug */ = {
			isa = XCBuildConfiguration;
			buildSettings = {
				CLANG_ENABLE_OBJC_ARC = YES;
				COMBINE_HIDPI_IMAGES = YES;
				COPY_PHASE_STRIP = NO;
				DEBUG_INFORMATION_FORMAT = dwarf;
				DYLIB_INSTALL_NAME_BASE = "@rpath";
				ENABLE_NS_ASSERTIONS = YES;
				GCC_OPTIMIZATION_LEVEL = 0;
				GCC_PREPROCESSOR_DEFINITIONS = (
					"$(inherited)",
					"SWIFT_PACKAGE=1",
					"DEBUG=1",
				);
				MACOSX_DEPLOYMENT_TARGET = 10.10;
				ONLY_ACTIVE_ARCH = YES;
				OTHER_SWIFT_FLAGS = "-DXcode";
				PRODUCT_NAME = "$(TARGET_NAME)";
				SDKROOT = macosx;
				SUPPORTED_PLATFORMS = "macosx iphoneos iphonesimulator appletvos appletvsimulator watchos watchsimulator";
				SWIFT_ACTIVE_COMPILATION_CONDITIONS = "$(inherited) SWIFT_PACKAGE DEBUG";
				SWIFT_OPTIMIZATION_LEVEL = "-Onone";
				USE_HEADERMAP = NO;
			};
			name = Debug;
		};
		OBJ_4 /* Release */ = {
			isa = XCBuildConfiguration;
			buildSettings = {
				CLANG_ENABLE_OBJC_ARC = YES;
				COMBINE_HIDPI_IMAGES = YES;
				COPY_PHASE_STRIP = YES;
				DEBUG_INFORMATION_FORMAT = "dwarf-with-dsym";
				DYLIB_INSTALL_NAME_BASE = "@rpath";
				GCC_OPTIMIZATION_LEVEL = s;
				GCC_PREPROCESSOR_DEFINITIONS = (
					"$(inherited)",
					"SWIFT_PACKAGE=1",
				);
				MACOSX_DEPLOYMENT_TARGET = 10.10;
				OTHER_SWIFT_FLAGS = "-DXcode";
				PRODUCT_NAME = "$(TARGET_NAME)";
				SDKROOT = macosx;
				SUPPORTED_PLATFORMS = "macosx iphoneos iphonesimulator appletvos appletvsimulator watchos watchsimulator";
				SWIFT_ACTIVE_COMPILATION_CONDITIONS = "$(inherited) SWIFT_PACKAGE";
				SWIFT_OPTIMIZATION_LEVEL = "-Owholemodule";
				USE_HEADERMAP = NO;
			};
			name = Release;
		};
		OBJ_54 /* Debug */ = {
			isa = XCBuildConfiguration;
			buildSettings = {
				FRAMEWORK_SEARCH_PATHS = (
					"$(inherited)",
					"$(PLATFORM_DIR)/Developer/Library/Frameworks",
				);
				HEADER_SEARCH_PATHS = "$(inherited)";
				INFOPLIST_FILE = Lox.xcodeproj/Code_generator_Info.plist;
				IPHONEOS_DEPLOYMENT_TARGET = 8.0;
				LD_RUNPATH_SEARCH_PATHS = "$(inherited) $(TOOLCHAIN_DIR)/usr/lib/swift/macosx @executable_path";
				MACOSX_DEPLOYMENT_TARGET = 10.10;
				OTHER_CFLAGS = "$(inherited)";
				OTHER_LDFLAGS = "$(inherited)";
				OTHER_SWIFT_FLAGS = "$(inherited)";
				SWIFT_ACTIVE_COMPILATION_CONDITIONS = "$(inherited)";
				SWIFT_FORCE_DYNAMIC_LINK_STDLIB = YES;
				SWIFT_FORCE_STATIC_LINK_STDLIB = NO;
				SWIFT_VERSION = 5.0;
				TARGET_NAME = "Code generator";
				TVOS_DEPLOYMENT_TARGET = 9.0;
				WATCHOS_DEPLOYMENT_TARGET = 2.0;
			};
			name = Debug;
		};
		OBJ_55 /* Release */ = {
			isa = XCBuildConfiguration;
			buildSettings = {
				FRAMEWORK_SEARCH_PATHS = (
					"$(inherited)",
					"$(PLATFORM_DIR)/Developer/Library/Frameworks",
				);
				HEADER_SEARCH_PATHS = "$(inherited)";
				INFOPLIST_FILE = Lox.xcodeproj/Code_generator_Info.plist;
				IPHONEOS_DEPLOYMENT_TARGET = 8.0;
				LD_RUNPATH_SEARCH_PATHS = "$(inherited) $(TOOLCHAIN_DIR)/usr/lib/swift/macosx @executable_path";
				MACOSX_DEPLOYMENT_TARGET = 10.10;
				OTHER_CFLAGS = "$(inherited)";
				OTHER_LDFLAGS = "$(inherited)";
				OTHER_SWIFT_FLAGS = "$(inherited)";
				SWIFT_ACTIVE_COMPILATION_CONDITIONS = "$(inherited)";
				SWIFT_FORCE_DYNAMIC_LINK_STDLIB = YES;
				SWIFT_FORCE_STATIC_LINK_STDLIB = NO;
				SWIFT_VERSION = 5.0;
				TARGET_NAME = "Code generator";
				TVOS_DEPLOYMENT_TARGET = 9.0;
				WATCHOS_DEPLOYMENT_TARGET = 2.0;
			};
			name = Release;
		};
		OBJ_61 /* Debug */ = {
			isa = XCBuildConfiguration;
			buildSettings = {
				FRAMEWORK_SEARCH_PATHS = (
					"$(inherited)",
					"$(PLATFORM_DIR)/Developer/Library/Frameworks",
				);
				HEADER_SEARCH_PATHS = "$(inherited)";
				INFOPLIST_FILE = Lox.xcodeproj/Lox_Info.plist;
				IPHONEOS_DEPLOYMENT_TARGET = 8.0;
				LD_RUNPATH_SEARCH_PATHS = "$(inherited) $(TOOLCHAIN_DIR)/usr/lib/swift/macosx @executable_path";
				MACOSX_DEPLOYMENT_TARGET = 10.10;
				OTHER_CFLAGS = "$(inherited)";
				OTHER_LDFLAGS = "$(inherited)";
				OTHER_SWIFT_FLAGS = "$(inherited)";
				SWIFT_ACTIVE_COMPILATION_CONDITIONS = "$(inherited)";
				SWIFT_FORCE_DYNAMIC_LINK_STDLIB = YES;
				SWIFT_FORCE_STATIC_LINK_STDLIB = NO;
				SWIFT_VERSION = 5.0;
				TARGET_NAME = Lox;
				TVOS_DEPLOYMENT_TARGET = 9.0;
				WATCHOS_DEPLOYMENT_TARGET = 2.0;
			};
			name = Debug;
		};
		OBJ_62 /* Release */ = {
			isa = XCBuildConfiguration;
			buildSettings = {
				FRAMEWORK_SEARCH_PATHS = (
					"$(inherited)",
					"$(PLATFORM_DIR)/Developer/Library/Frameworks",
				);
				HEADER_SEARCH_PATHS = "$(inherited)";
				INFOPLIST_FILE = Lox.xcodeproj/Lox_Info.plist;
				IPHONEOS_DEPLOYMENT_TARGET = 8.0;
				LD_RUNPATH_SEARCH_PATHS = "$(inherited) $(TOOLCHAIN_DIR)/usr/lib/swift/macosx @executable_path";
				MACOSX_DEPLOYMENT_TARGET = 10.10;
				OTHER_CFLAGS = "$(inherited)";
				OTHER_LDFLAGS = "$(inherited)";
				OTHER_SWIFT_FLAGS = "$(inherited)";
				SWIFT_ACTIVE_COMPILATION_CONDITIONS = "$(inherited)";
				SWIFT_FORCE_DYNAMIC_LINK_STDLIB = YES;
				SWIFT_FORCE_STATIC_LINK_STDLIB = NO;
				SWIFT_VERSION = 5.0;
				TARGET_NAME = Lox;
				TVOS_DEPLOYMENT_TARGET = 9.0;
				WATCHOS_DEPLOYMENT_TARGET = 2.0;
			};
			name = Release;
		};
		OBJ_94 /* Debug */ = {
			isa = XCBuildConfiguration;
			buildSettings = {
				LD = /usr/bin/true;
				OTHER_SWIFT_FLAGS = "-swift-version 5 -I $(TOOLCHAIN_DIR)/usr/lib/swift/pm/4_2 -target x86_64-apple-macosx10.10 -sdk /Applications/Xcode.app/Contents/Developer/Platforms/MacOSX.platform/Developer/SDKs/MacOSX10.14.sdk";
				SWIFT_VERSION = 5.0;
			};
			name = Debug;
		};
		OBJ_95 /* Release */ = {
			isa = XCBuildConfiguration;
			buildSettings = {
				LD = /usr/bin/true;
				OTHER_SWIFT_FLAGS = "-swift-version 5 -I $(TOOLCHAIN_DIR)/usr/lib/swift/pm/4_2 -target x86_64-apple-macosx10.10 -sdk /Applications/Xcode.app/Contents/Developer/Platforms/MacOSX.platform/Developer/SDKs/MacOSX10.14.sdk";
				SWIFT_VERSION = 5.0;
			};
			name = Release;
		};
/* End XCBuildConfiguration section */

/* Begin XCConfigurationList section */
		OBJ_104 /* Build configuration list for PBXNativeTarget "LoxTests" */ = {
			isa = XCConfigurationList;
			buildConfigurations = (
				OBJ_105 /* Debug */,
				OBJ_106 /* Release */,
			);
			defaultConfigurationIsVisible = 0;
			defaultConfigurationName = Release;
		};
		OBJ_2 /* Build configuration list for PBXProject "Lox" */ = {
			isa = XCConfigurationList;
			buildConfigurations = (
				OBJ_3 /* Debug */,
				OBJ_4 /* Release */,
			);
			defaultConfigurationIsVisible = 0;
			defaultConfigurationName = Release;
		};
		OBJ_53 /* Build configuration list for PBXNativeTarget "Code generator" */ = {
			isa = XCConfigurationList;
			buildConfigurations = (
				OBJ_54 /* Debug */,
				OBJ_55 /* Release */,
			);
			defaultConfigurationIsVisible = 0;
			defaultConfigurationName = Release;
		};
		OBJ_60 /* Build configuration list for PBXNativeTarget "Lox" */ = {
			isa = XCConfigurationList;
			buildConfigurations = (
				OBJ_61 /* Debug */,
				OBJ_62 /* Release */,
			);
			defaultConfigurationIsVisible = 0;
			defaultConfigurationName = Release;
		};
		OBJ_93 /* Build configuration list for PBXNativeTarget "LoxPackageDescription" */ = {
			isa = XCConfigurationList;
			buildConfigurations = (
				OBJ_94 /* Debug */,
				OBJ_95 /* Release */,
			);
			defaultConfigurationIsVisible = 0;
			defaultConfigurationName = Release;
		};
		OBJ_99 /* Build configuration list for PBXAggregateTarget "LoxPackageTests" */ = {
			isa = XCConfigurationList;
			buildConfigurations = (
				OBJ_100 /* Debug */,
				OBJ_101 /* Release */,
			);
			defaultConfigurationIsVisible = 0;
			defaultConfigurationName = Release;
		};
/* End XCConfigurationList section */
	};
	rootObject = OBJ_1 /* Project object */;
}
